
Microsoft Visual Studio Solution File, Format Version 12.00
# Visual Studio Version 17
VisualStudioVersion = 17.14.36616.10
MinimumVisualStudioVersion = 10.0.40219.1
Project("{FAE04EC0-301F-11D3-BF4B-00C04F79EFBC}") = "CapStoneAPI", "CapStoneAPI.csproj", "{EB2F3980-7786-4B60-9FAE-66BE437DC9CA}"
EndProject
Project("{FAE04EC0-301F-11D3-BF4B-00C04F79EFBC}") = "CapStoneAPI.Tests", "CapStoneAPI.Tests\CapStoneAPI.Tests.csproj", "{B48BC805-8FA7-43CD-A43F-06F4724F6756}"
EndProject
Global
	GlobalSection(SolutionConfigurationPlatforms) = preSolution
		Debug|Any CPU = Debug|Any CPU
		Debug|x64 = Debug|x64
		Debug|x86 = Debug|x86
		Release|Any CPU = Release|Any CPU
		Release|x64 = Release|x64
		Release|x86 = Release|x86
	EndGlobalSection
	GlobalSection(ProjectConfigurationPlatforms) = postSolution
		{EB2F3980-7786-4B60-9FAE-66BE437DC9CA}.Debug|Any CPU.ActiveCfg = Debug|Any CPU
		{EB2F3980-7786-4B60-9FAE-66BE437DC9CA}.Debug|Any CPU.Build.0 = Debug|Any CPU
		{EB2F3980-7786-4B60-9FAE-66BE437DC9CA}.Debug|x64.ActiveCfg = Debug|Any CPU
		{EB2F3980-7786-4B60-9FAE-66BE437DC9CA}.Debug|x64.Build.0 = Debug|Any CPU
		{EB2F3980-7786-4B60-9FAE-66BE437DC9CA}.Debug|x86.ActiveCfg = Debug|Any CPU
		{EB2F3980-7786-4B60-9FAE-66BE437DC9CA}.Debug|x86.Build.0 = Debug|Any CPU
		{EB2F3980-7786-4B60-9FAE-66BE437DC9CA}.Release|Any CPU.ActiveCfg = Release|Any CPU
		{EB2F3980-7786-4B60-9FAE-66BE437DC9CA}.Release|Any CPU.Build.0 = Release|Any CPU
		{EB2F3980-7786-4B60-9FAE-66BE437DC9CA}.Release|x64.ActiveCfg = Release|Any CPU
		{EB2F3980-7786-4B60-9FAE-66BE437DC9CA}.Release|x64.Build.0 = Release|Any CPU
		{EB2F3980-7786-4B60-9FAE-66BE437DC9CA}.Release|x86.ActiveCfg = Release|Any CPU
		{EB2F3980-7786-4B60-9FAE-66BE437DC9CA}.Release|x86.Build.0 = Release|Any CPU
		{B48BC805-8FA7-43CD-A43F-06F4724F6756}.Debug|Any CPU.ActiveCfg = Debug|Any CPU
		{B48BC805-8FA7-43CD-A43F-06F4724F6756}.Debug|Any CPU.Build.0 = Debug|Any CPU
		{B48BC805-8FA7-43CD-A43F-06F4724F6756}.Debug|x64.ActiveCfg = Debug|Any CPU
		{B48BC805-8FA7-43CD-A43F-06F4724F6756}.Debug|x64.Build.0 = Debug|Any CPU
		{B48BC805-8FA7-43CD-A43F-06F4724F6756}.Debug|x86.ActiveCfg = Debug|Any CPU
		{B48BC805-8FA7-43CD-A43F-06F4724F6756}.Debug|x86.Build.0 = Debug|Any CPU
		{B48BC805-8FA7-43CD-A43F-06F4724F6756}.Release|Any CPU.ActiveCfg = Release|Any CPU
		{B48BC805-8FA7-43CD-A43F-06F4724F6756}.Release|Any CPU.Build.0 = Release|Any CPU
		{B48BC805-8FA7-43CD-A43F-06F4724F6756}.Release|x64.ActiveCfg = Release|Any CPU
		{B48BC805-8FA7-43CD-A43F-06F4724F6756}.Release|x64.Build.0 = Release|Any CPU
		{B48BC805-8FA7-43CD-A43F-06F4724F6756}.Release|x86.ActiveCfg = Release|Any CPU
		{B48BC805-8FA7-43CD-A43F-06F4724F6756}.Release|x86.Build.0 = Release|Any CPU
	EndGlobalSection
	GlobalSection(SolutionProperties) = preSolution
		HideSolutionNode = FALSE
	EndGlobalSection
	GlobalSection(ExtensibilityGlobals) = postSolution
		SolutionGuid = {C385C9EC-0CC1-49B2-8EB0-C149298C4034}
	EndGlobalSection
EndGlobal
